
Microsoft Visual Studio Solution File, Format Version 12.00
# Visual Studio Version 17
VisualStudioVersion = 17.9.34728.123
MinimumVisualStudioVersion = 10.0.40219.1
Project("{FAE04EC0-301F-11D3-BF4B-00C04F79EFBC}") = "Additional", "Additional\Additional.csproj", "{0FB9D1CC-9954-43CA-9A98-04270570825F}"
EndProject
Global
	GlobalSection(SolutionConfigurationPlatforms) = preSolution
		Debug|Any CPU = Debug|Any CPU
		Release|Any CPU = Release|Any CPU
	EndGlobalSection
	GlobalSection(ProjectConfigurationPlatforms) = postSolution
		{0FB9D1CC-9954-43CA-9A98-04270570825F}.Debug|Any CPU.ActiveCfg = Debug|Any CPU
		{0FB9D1CC-9954-43CA-9A98-04270570825F}.Debug|Any CPU.Build.0 = Debug|Any CPU
		{0FB9D1CC-9954-43CA-9A98-04270570825F}.Release|Any CPU.ActiveCfg = Release|Any CPU
		{0FB9D1CC-9954-43CA-9A98-04270570825F}.Release|Any CPU.Build.0 = Release|Any CPU
	EndGlobalSection
	GlobalSection(SolutionProperties) = preSolution
		HideSolutionNode = FALSE
	EndGlobalSection
	GlobalSection(ExtensibilityGlobals) = postSolution
		SolutionGuid = {D53F68E6-5873-4116-80D6-9680C2DC0C08}
	EndGlobalSection
EndGlobal
